<Solution>
  <Folder Name="/Элементы решения/">
    <File Path=".dockerignore" />
    <File Path="docker-compose.yml" />
    <File Path="Dockerfile" />
  </Folder>
  <Project Path="SneakersStore.API/SneakersStore.API.csproj" />
  <Project Path="SneakersStore.Application/SneakersStore.Application.csproj" Id="b9268015-ae8c-4a6d-ae3b-e39e8b86b7b5" />
  <Project Path="SneakersStore.Core/SneakersStore.Core.csproj" Id="5073164c-9c1d-45e0-9649-6fe7d0b9e307" />
  <Project Path="SneakersStore.DataAccess/SneakersStore.DataAccess.csproj" Id="19c3f393-0f86-4560-a482-212f6689a99a" />
</Solution>
